
Microsoft Visual Studio Solution File, Format Version 12.00
Project("{2150E333-8FDC-42A3-9474-1A3956D46DE8}") = "src", "src", "{86DB0D67-E1DD-4DD6-847B-1EC0EA39D38E}"
EndProject
Project("{FAE04EC0-301F-11D3-BF4B-00C04F79EFBC}") = "TechBlogWatcher.cmd", "src\TechBlogWatcher.cmd\TechBlogWatcher.cmd.csproj", "{D5337E02-7713-4DB9-8028-A46E679D2965}"
EndProject
Global
	GlobalSection(SolutionConfigurationPlatforms) = preSolution
		Debug|Any CPU = Debug|Any CPU
		Release|Any CPU = Release|Any CPU
	EndGlobalSection
	GlobalSection(NestedProjects) = preSolution
		{D5337E02-7713-4DB9-8028-A46E679D2965} = {86DB0D67-E1DD-4DD6-847B-1EC0EA39D38E}
	EndGlobalSection
	GlobalSection(ProjectConfigurationPlatforms) = postSolution
		{D5337E02-7713-4DB9-8028-A46E679D2965}.Debug|Any CPU.ActiveCfg = Debug|Any CPU
		{D5337E02-7713-4DB9-8028-A46E679D2965}.Debug|Any CPU.Build.0 = Debug|Any CPU
		{D5337E02-7713-4DB9-8028-A46E679D2965}.Release|Any CPU.ActiveCfg = Release|Any CPU
		{D5337E02-7713-4DB9-8028-A46E679D2965}.Release|Any CPU.Build.0 = Release|Any CPU
	EndGlobalSection
EndGlobal
